
Microsoft Visual Studio Solution File, Format Version 12.00
# Visual Studio Version 17
VisualStudioVersion = 17.14.36915.13 d17.14
MinimumVisualStudioVersion = 10.0.40219.1
Project("{FAE04EC0-301F-11D3-BF4B-00C04F79EFBC}") = "SienaTours", "SienaTours\SienaTours.csproj", "{A3F54C54-7CF2-48C7-B61B-37DF792E063F}"
EndProject
Global
	GlobalSection(SolutionConfigurationPlatforms) = preSolution
		Debug|Any CPU = Debug|Any CPU
		Release|Any CPU = Release|Any CPU
	EndGlobalSection
	GlobalSection(ProjectConfigurationPlatforms) = postSolution
		{A3F54C54-7CF2-48C7-B61B-37DF792E063F}.Debug|Any CPU.ActiveCfg = Debug|Any CPU
		{A3F54C54-7CF2-48C7-B61B-37DF792E063F}.Debug|Any CPU.Build.0 = Debug|Any CPU
		{A3F54C54-7CF2-48C7-B61B-37DF792E063F}.Release|Any CPU.ActiveCfg = Release|Any CPU
		{A3F54C54-7CF2-48C7-B61B-37DF792E063F}.Release|Any CPU.Build.0 = Release|Any CPU
	EndGlobalSection
	GlobalSection(SolutionProperties) = preSolution
		HideSolutionNode = FALSE
	EndGlobalSection
	GlobalSection(ExtensibilityGlobals) = postSolution
		SolutionGuid = {8FE87998-FFC4-4783-9AAA-73698A2B3C4A}
	EndGlobalSection
EndGlobal
